{
  "requires": true,
  "lockfileVersion": 1,
  "dependencies": {
    "mongoose-type-url": {
      "version": "1.0.4",
      "resolved": "https://registry.npmjs.org/mongoose-type-url/-/mongoose-type-url-1.0.4.tgz",
      "integrity": "sha512-AHXe+R/vx/EXnuVZOac5kp0uzeLsx9WHS24FwXIDP1nAcrjZYHnYq5cSBxBaaihliS5mmu3/vIssEZ6sVgFI6w==",
      "requires": {
        "normalizeurl": "1.0.0"
      }
    },
    "normalizeurl": {
      "version": "1.0.0",
      "resolved": "https://registry.npmjs.org/normalizeurl/-/normalizeurl-1.0.0.tgz",
      "integrity": "sha1-SxpFjNDH0IVkNvaca1EEeraFUxc="
    }
  }
}
